// !$*UTF8*$!
{
	archiveVersion = 1;
	classes = {
	};
	objectVersion = 56;
	objects = {

/* Begin PBXBuildFile section */
		780589FA2C83A19800D2CB81 /* OpenApiTestView.swift in Sources */ = {isa = PBXBuildFile; fileRef = 780589F92C83A18B00D2CB81 /* OpenApiTestView.swift */; };
		782FA7922C83971B00402D82 /* SwiftUI_DemoApp.swift in Sources */ = {isa = PBXBuildFile; fileRef = 782FA7912C83971B00402D82 /* SwiftUI_DemoApp.swift */; };
		782FA7942C83971B00402D82 /* ContentView.swift in Sources */ = {isa = PBXBuildFile; fileRef = 782FA7932C83971B00402D82 /* ContentView.swift */; };
		782FA7962C83972200402D82 /* Assets.xcassets in Resources */ = {isa = PBXBuildFile; fileRef = 782FA7952C83972200402D82 /* Assets.xcassets */; };
		782FA7992C83972200402D82 /* Preview Assets.xcassets in Resources */ = {isa = PBXBuildFile; fileRef = 782FA7982C83972200402D82 /* Preview Assets.xcassets */; };
		784B96242C8B732600C9B48D /* QuizView.swift in Sources */ = {isa = PBXBuildFile; fileRef = 784B96232C8B732100C9B48D /* QuizView.swift */; };
		784B96262C8B735B00C9B48D /* QuizDataModel.swift in Sources */ = {isa = PBXBuildFile; fileRef = 784B96252C8B735700C9B48D /* QuizDataModel.swift */; };
		784B962A2C8B80D800C9B48D /* quiz-ui.riv in Resources */ = {isa = PBXBuildFile; fileRef = 784B96292C8B80D800C9B48D /* quiz-ui.riv */; };
		786902E32C8399F70032C78D /* openapi-generator-config.yaml in Resources */ = {isa = PBXBuildFile; fileRef = 786902DA2C8399F70032C78D /* openapi-generator-config.yaml */; };
		786902E42C8399F70032C78D /* openapi.yaml in Resources */ = {isa = PBXBuildFile; fileRef = 786902DB2C8399F70032C78D /* openapi.yaml */; };
		786902E52C8399F70032C78D /* logo.riv in Resources */ = {isa = PBXBuildFile; fileRef = 786902DD2C8399F70032C78D /* logo.riv */; };
		786902E62C8399F70032C78D /* Card.swift in Sources */ = {isa = PBXBuildFile; fileRef = 786902DF2C8399F70032C78D /* Card.swift */; };
		786902E72C8399F70032C78D /* Item.swift in Sources */ = {isa = PBXBuildFile; fileRef = 786902E02C8399F70032C78D /* Item.swift */; };
		786902E82C8399F70032C78D /* Model.swift in Sources */ = {isa = PBXBuildFile; fileRef = 786902E12C8399F70032C78D /* Model.swift */; };
		786902F52C839A2D0032C78D /* MainContentView.swift in Sources */ = {isa = PBXBuildFile; fileRef = 786902E92C839A2D0032C78D /* MainContentView.swift */; };
		786902F62C839A2D0032C78D /* HomeView.swift in Sources */ = {isa = PBXBuildFile; fileRef = 786902EA2C839A2D0032C78D /* HomeView.swift */; };
		786902F92C839A2D0032C78D /* CardView.swift in Sources */ = {isa = PBXBuildFile; fileRef = 786902ED2C839A2D0032C78D /* CardView.swift */; };
		786902FB2C839A2D0032C78D /* GradientView.swift in Sources */ = {isa = PBXBuildFile; fileRef = 786902EF2C839A2D0032C78D /* GradientView.swift */; };
		786902FD2C839A2D0032C78D /* SettingsView.swift in Sources */ = {isa = PBXBuildFile; fileRef = 786902F12C839A2D0032C78D /* SettingsView.swift */; };
		786902FE2C839A2D0032C78D /* StyleModifiers.swift in Sources */ = {isa = PBXBuildFile; fileRef = 786902F22C839A2D0032C78D /* StyleModifiers.swift */; };
		786902FF2C839A2D0032C78D /* SplashView.swift in Sources */ = {isa = PBXBuildFile; fileRef = 786902F32C839A2D0032C78D /* SplashView.swift */; };
		786903002C839A2D0032C78D /* ProfileView.swift in Sources */ = {isa = PBXBuildFile; fileRef = 786902F42C839A2D0032C78D /* ProfileView.swift */; };
		786903032C839A3B0032C78D /* RiveRuntime in Frameworks */ = {isa = PBXBuildFile; productRef = 786903022C839A3B0032C78D /* RiveRuntime */; };
		786903092C839A570032C78D /* HTTPTypes in Frameworks */ = {isa = PBXBuildFile; productRef = 786903082C839A570032C78D /* HTTPTypes */; };
		7869030B2C839A570032C78D /* HTTPTypesFoundation in Frameworks */ = {isa = PBXBuildFile; productRef = 7869030A2C839A570032C78D /* HTTPTypesFoundation */; };
		7869030E2C839BCD0032C78D /* OpenAPIURLSession in Frameworks */ = {isa = PBXBuildFile; productRef = 7869030D2C839BCD0032C78D /* OpenAPIURLSession */; };
		78A7598F2C8E1A6A0050FE78 /* ConfettiSwiftUI in Frameworks */ = {isa = PBXBuildFile; productRef = 78A7598E2C8E1A6A0050FE78 /* ConfettiSwiftUI */; };
		78A759922C8E1F0D0050FE78 /* AudioManager.swift in Sources */ = {isa = PBXBuildFile; fileRef = 78A759912C8E1F090050FE78 /* AudioManager.swift */; };
		78A759952C8E23050050FE78 /* bbc_buzzer.mp3 in Resources */ = {isa = PBXBuildFile; fileRef = 78A759942C8E23050050FE78 /* bbc_buzzer.mp3 */; };
		78A7599A2C8E28450050FE78 /* ding-ding.mp3 in Resources */ = {isa = PBXBuildFile; fileRef = 78A759992C8E28450050FE78 /* ding-ding.mp3 */; };
		78D365782C8A49C9009CAAD9 /* MeshGradientView.swift in Sources */ = {isa = PBXBuildFile; fileRef = 78D365772C8A49B8009CAAD9 /* MeshGradientView.swift */; };
		78D3657C2C8A4F6F009CAAD9 /* PhotosView.swift in Sources */ = {isa = PBXBuildFile; fileRef = 78D3657A2C8A4F6B009CAAD9 /* PhotosView.swift */; };
		78D3657F2C8A51BD009CAAD9 /* PressStart2P-Regular.ttf in Resources */ = {isa = PBXBuildFile; fileRef = 78D3657E2C8A51BD009CAAD9 /* PressStart2P-Regular.ttf */; };
		78E0D0E72C8A33F300EAB919 /* Handjet-Light.ttf in Resources */ = {isa = PBXBuildFile; fileRef = 78E0D0E62C8A33F300EAB919 /* Handjet-Light.ttf */; };
/* End PBXBuildFile section */

/* Begin PBXFileReference section */
		780589F92C83A18B00D2CB81 /* OpenApiTestView.swift */ = {isa = PBXFileReference; lastKnownFileType = sourcecode.swift; path = OpenApiTestView.swift; sourceTree = "<group>"; };
		780589FC2C83A2AA00D2CB81 /* README.md */ = {isa = PBXFileReference; lastKnownFileType = net.daringfireball.markdown; path = README.md; sourceTree = "<group>"; };
		782FA78E2C83971B00402D82 /* SwiftUI-Demo.app */ = {isa = PBXFileReference; explicitFileType = wrapper.application; includeInIndex = 0; path = "SwiftUI-Demo.app"; sourceTree = BUILT_PRODUCTS_DIR; };
		782FA7912C83971B00402D82 /* SwiftUI_DemoApp.swift */ = {isa = PBXFileReference; lastKnownFileType = sourcecode.swift; path = SwiftUI_DemoApp.swift; sourceTree = "<group>"; };
		782FA7932C83971B00402D82 /* ContentView.swift */ = {isa = PBXFileReference; lastKnownFileType = sourcecode.swift; path = ContentView.swift; sourceTree = "<group>"; };
		782FA7952C83972200402D82 /* Assets.xcassets */ = {isa = PBXFileReference; lastKnownFileType = folder.assetcatalog; path = Assets.xcassets; sourceTree = "<group>"; };
		782FA7982C83972200402D82 /* Preview Assets.xcassets */ = {isa = PBXFileReference; lastKnownFileType = folder.assetcatalog; path = "Preview Assets.xcassets"; sourceTree = "<group>"; };
		784B96232C8B732100C9B48D /* QuizView.swift */ = {isa = PBXFileReference; lastKnownFileType = sourcecode.swift; path = QuizView.swift; sourceTree = "<group>"; };
		784B96252C8B735700C9B48D /* QuizDataModel.swift */ = {isa = PBXFileReference; lastKnownFileType = sourcecode.swift; path = QuizDataModel.swift; sourceTree = "<group>"; };
		784B96292C8B80D800C9B48D /* quiz-ui.riv */ = {isa = PBXFileReference; lastKnownFileType = file; path = "quiz-ui.riv"; sourceTree = "<group>"; };
		786902DA2C8399F70032C78D /* openapi-generator-config.yaml */ = {isa = PBXFileReference; fileEncoding = 4; lastKnownFileType = text.yaml; path = "openapi-generator-config.yaml"; sourceTree = "<group>"; };
		786902DB2C8399F70032C78D /* openapi.yaml */ = {isa = PBXFileReference; fileEncoding = 4; lastKnownFileType = text.yaml; path = openapi.yaml; sourceTree = "<group>"; };
		786902DD2C8399F70032C78D /* logo.riv */ = {isa = PBXFileReference; lastKnownFileType = file; path = logo.riv; sourceTree = "<group>"; };
		786902DF2C8399F70032C78D /* Card.swift */ = {isa = PBXFileReference; fileEncoding = 4; lastKnownFileType = sourcecode.swift; path = Card.swift; sourceTree = "<group>"; };
		786902E02C8399F70032C78D /* Item.swift */ = {isa = PBXFileReference; fileEncoding = 4; lastKnownFileType = sourcecode.swift; path = Item.swift; sourceTree = "<group>"; };
		786902E12C8399F70032C78D /* Model.swift */ = {isa = PBXFileReference; fileEncoding = 4; lastKnownFileType = sourcecode.swift; path = Model.swift; sourceTree = "<group>"; };
		786902E92C839A2D0032C78D /* MainContentView.swift */ = {isa = PBXFileReference; fileEncoding = 4; lastKnownFileType = sourcecode.swift; path = MainContentView.swift; sourceTree = "<group>"; };
		786902EA2C839A2D0032C78D /* HomeView.swift */ = {isa = PBXFileReference; fileEncoding = 4; lastKnownFileType = sourcecode.swift; path = HomeView.swift; sourceTree = "<group>"; };
		786902EB2C839A2D0032C78D /* ApiContentView.swift */ = {isa = PBXFileReference; fileEncoding = 4; lastKnownFileType = sourcecode.swift; path = ApiContentView.swift; sourceTree = "<group>"; };
		786902ED2C839A2D0032C78D /* CardView.swift */ = {isa = PBXFileReference; fileEncoding = 4; lastKnownFileType = sourcecode.swift; path = CardView.swift; sourceTree = "<group>"; };
		786902EF2C839A2D0032C78D /* GradientView.swift */ = {isa = PBXFileReference; fileEncoding = 4; lastKnownFileType = sourcecode.swift; path = GradientView.swift; sourceTree = "<group>"; };
		786902F12C839A2D0032C78D /* SettingsView.swift */ = {isa = PBXFileReference; fileEncoding = 4; lastKnownFileType = sourcecode.swift; path = SettingsView.swift; sourceTree = "<group>"; };
		786902F22C839A2D0032C78D /* StyleModifiers.swift */ = {isa = PBXFileReference; fileEncoding = 4; lastKnownFileType = sourcecode.swift; path = StyleModifiers.swift; sourceTree = "<group>"; };
		786902F32C839A2D0032C78D /* SplashView.swift */ = {isa = PBXFileReference; fileEncoding = 4; lastKnownFileType = sourcecode.swift; path = SplashView.swift; sourceTree = "<group>"; };
		786902F42C839A2D0032C78D /* ProfileView.swift */ = {isa = PBXFileReference; fileEncoding = 4; lastKnownFileType = sourcecode.swift; path = ProfileView.swift; sourceTree = "<group>"; };
		78A759912C8E1F090050FE78 /* AudioManager.swift */ = {isa = PBXFileReference; lastKnownFileType = sourcecode.swift; path = AudioManager.swift; sourceTree = "<group>"; };
		78A759942C8E23050050FE78 /* bbc_buzzer.mp3 */ = {isa = PBXFileReference; lastKnownFileType = audio.mp3; path = bbc_buzzer.mp3; sourceTree = "<group>"; };
		78A759992C8E28450050FE78 /* ding-ding.mp3 */ = {isa = PBXFileReference; lastKnownFileType = audio.mp3; path = "ding-ding.mp3"; sourceTree = "<group>"; };
		78ADFD5D2C83B17E000CC604 /* Info.plist */ = {isa = PBXFileReference; lastKnownFileType = text.plist; path = Info.plist; sourceTree = "<group>"; };
		78D365772C8A49B8009CAAD9 /* MeshGradientView.swift */ = {isa = PBXFileReference; lastKnownFileType = sourcecode.swift; path = MeshGradientView.swift; sourceTree = "<group>"; };
		78D3657A2C8A4F6B009CAAD9 /* PhotosView.swift */ = {isa = PBXFileReference; lastKnownFileType = sourcecode.swift; path = PhotosView.swift; sourceTree = "<group>"; };
		78D3657E2C8A51BD009CAAD9 /* PressStart2P-Regular.ttf */ = {isa = PBXFileReference; lastKnownFileType = file; path = "PressStart2P-Regular.ttf"; sourceTree = "<group>"; };
		78E0D0E52C8A33C000EAB919 /* SwiftUI-Demo.entitlements */ = {isa = PBXFileReference; lastKnownFileType = text.plist.entitlements; path = "SwiftUI-Demo.entitlements"; sourceTree = "<group>"; };
		78E0D0E62C8A33F300EAB919 /* Handjet-Light.ttf */ = {isa = PBXFileReference; lastKnownFileType = file; path = "Handjet-Light.ttf"; sourceTree = "<group>"; };
/* End PBXFileReference section */

/* Begin PBXFrameworksBuildPhase section */
		782FA78B2C83971B00402D82 /* Frameworks */ = {
			isa = PBXFrameworksBuildPhase;
			buildActionMask = 2147483647;
			files = (
				78A7598F2C8E1A6A0050FE78 /* ConfettiSwiftUI in Frameworks */,
				7869030E2C839BCD0032C78D /* OpenAPIURLSession in Frameworks */,
				786903092C839A570032C78D /* HTTPTypes in Frameworks */,
				786903032C839A3B0032C78D /* RiveRuntime in Frameworks */,
				7869030B2C839A570032C78D /* HTTPTypesFoundation in Frameworks */,
			);
			runOnlyForDeploymentPostprocessing = 0;
		};
/* End PBXFrameworksBuildPhase section */

/* Begin PBXGroup section */
		782FA7852C83971B00402D82 = {
			isa = PBXGroup;
			children = (
				780589FC2C83A2AA00D2CB81 /* README.md */,
				782FA7902C83971B00402D82 /* SwiftUI-Demo */,
				782FA78F2C83971B00402D82 /* Products */,
			);
			sourceTree = "<group>";
		};
		782FA78F2C83971B00402D82 /* Products */ = {
			isa = PBXGroup;
			children = (
				782FA78E2C83971B00402D82 /* SwiftUI-Demo.app */,
			);
			name = Products;
			sourceTree = "<group>";
		};
		782FA7902C83971B00402D82 /* SwiftUI-Demo */ = {
			isa = PBXGroup;
			children = (
				78E0D0E52C8A33C000EAB919 /* SwiftUI-Demo.entitlements */,
				78ADFD5D2C83B17E000CC604 /* Info.plist */,
				786902DC2C8399F70032C78D /* API */,
				786902DE2C8399F70032C78D /* Assets */,
				786902E22C8399F70032C78D /* Model */,
				786902F42C839A2D0032C78D /* ProfileView.swift */,
				78A759912C8E1F090050FE78 /* AudioManager.swift */,
				78D3657A2C8A4F6B009CAAD9 /* PhotosView.swift */,
				786902F12C839A2D0032C78D /* SettingsView.swift */,
				786902F32C839A2D0032C78D /* SplashView.swift */,
				786902F22C839A2D0032C78D /* StyleModifiers.swift */,
				782FA7912C83971B00402D82 /* SwiftUI_DemoApp.swift */,
				782FA7932C83971B00402D82 /* ContentView.swift */,
				784B96232C8B732100C9B48D /* QuizView.swift */,
				786902EB2C839A2D0032C78D /* ApiContentView.swift */,
				786902ED2C839A2D0032C78D /* CardView.swift */,
				786902EF2C839A2D0032C78D /* GradientView.swift */,
				784B96252C8B735700C9B48D /* QuizDataModel.swift */,
				78D365772C8A49B8009CAAD9 /* MeshGradientView.swift */,
				786902EA2C839A2D0032C78D /* HomeView.swift */,
				786902E92C839A2D0032C78D /* MainContentView.swift */,
				780589F92C83A18B00D2CB81 /* OpenApiTestView.swift */,
				782FA7952C83972200402D82 /* Assets.xcassets */,
				782FA7972C83972200402D82 /* Preview Content */,
			);
			path = "SwiftUI-Demo";
			sourceTree = "<group>";
		};
		782FA7972C83972200402D82 /* Preview Content */ = {
			isa = PBXGroup;
			children = (
				782FA7982C83972200402D82 /* Preview Assets.xcassets */,
			);
			path = "Preview Content";
			sourceTree = "<group>";
		};
		786902DC2C8399F70032C78D /* API */ = {
			isa = PBXGroup;
			children = (
				786902DA2C8399F70032C78D /* openapi-generator-config.yaml */,
				786902DB2C8399F70032C78D /* openapi.yaml */,
			);
			path = API;
			sourceTree = "<group>";
		};
		786902DE2C8399F70032C78D /* Assets */ = {
			isa = PBXGroup;
			children = (
				78A759992C8E28450050FE78 /* ding-ding.mp3 */,
				78A759942C8E23050050FE78 /* bbc_buzzer.mp3 */,
				784B96292C8B80D800C9B48D /* quiz-ui.riv */,
				78D3657E2C8A51BD009CAAD9 /* PressStart2P-Regular.ttf */,
				78E0D0E62C8A33F300EAB919 /* Handjet-Light.ttf */,
				786902DD2C8399F70032C78D /* logo.riv */,
			);
			path = Assets;
			sourceTree = "<group>";
		};
		786902E22C8399F70032C78D /* Model */ = {
			isa = PBXGroup;
			children = (
				786902DF2C8399F70032C78D /* Card.swift */,
				786902E02C8399F70032C78D /* Item.swift */,
				786902E12C8399F70032C78D /* Model.swift */,
			);
			path = Model;
			sourceTree = "<group>";
		};
/* End PBXGroup section */

/* Begin PBXNativeTarget section */
		782FA78D2C83971B00402D82 /* SwiftUI-Demo */ = {
			isa = PBXNativeTarget;
			buildConfigurationList = 782FA79C2C83972200402D82 /* Build configuration list for PBXNativeTarget "SwiftUI-Demo" */;
			buildPhases = (
				782FA78A2C83971B00402D82 /* Sources */,
				782FA78B2C83971B00402D82 /* Frameworks */,
				782FA78C2C83971B00402D82 /* Resources */,
			);
			buildRules = (
			);
			dependencies = (
				780589F52C83A08900D2CB81 /* PBXTargetDependency */,
			);
			name = "SwiftUI-Demo";
			packageProductDependencies = (
				786903022C839A3B0032C78D /* RiveRuntime */,
				786903082C839A570032C78D /* HTTPTypes */,
				7869030A2C839A570032C78D /* HTTPTypesFoundation */,
				7869030D2C839BCD0032C78D /* OpenAPIURLSession */,
				78A7598E2C8E1A6A0050FE78 /* ConfettiSwiftUI */,
			);
			productName = "SwiftUI-Demo";
			productReference = 782FA78E2C83971B00402D82 /* SwiftUI-Demo.app */;
			productType = "com.apple.product-type.application";
		};
/* End PBXNativeTarget section */

/* Begin PBXProject section */
		782FA7862C83971B00402D82 /* Project object */ = {
			isa = PBXProject;
			attributes = {
				BuildIndependentTargetsInParallel = 1;
				LastSwiftUpdateCheck = 1540;
				LastUpgradeCheck = 1540;
				TargetAttributes = {
					782FA78D2C83971B00402D82 = {
						CreatedOnToolsVersion = 15.4;
					};
				};
			};
			buildConfigurationList = 782FA7892C83971B00402D82 /* Build configuration list for PBXProject "SwiftUI-Demo" */;
			compatibilityVersion = "Xcode 14.0";
			developmentRegion = en;
			hasScannedForEncodings = 0;
			knownRegions = (
				en,
				Base,
			);
			mainGroup = 782FA7852C83971B00402D82;
			packageReferences = (
				786903012C839A3B0032C78D /* XCRemoteSwiftPackageReference "rive-ios" */,
				786903042C839A500032C78D /* XCRemoteSwiftPackageReference "swift-openapi-generator" */,
				786903072C839A570032C78D /* XCRemoteSwiftPackageReference "swift-http-types" */,
				7869030C2C839BCD0032C78D /* XCRemoteSwiftPackageReference "swift-openapi-urlsession" */,
				78A7598D2C8E1A6A0050FE78 /* XCRemoteSwiftPackageReference "ConfettiSwiftUI" */,
			);
			productRefGroup = 782FA78F2C83971B00402D82 /* Products */;
			projectDirPath = "";
			projectRoot = "";
			targets = (
				782FA78D2C83971B00402D82 /* SwiftUI-Demo */,
			);
		};
/* End PBXProject section */

/* Begin PBXResourcesBuildPhase section */
		782FA78C2C83971B00402D82 /* Resources */ = {
			isa = PBXResourcesBuildPhase;
			buildActionMask = 2147483647;
			files = (
				78A7599A2C8E28450050FE78 /* ding-ding.mp3 in Resources */,
				782FA7992C83972200402D82 /* Preview Assets.xcassets in Resources */,
				78A759952C8E23050050FE78 /* bbc_buzzer.mp3 in Resources */,
				786902E42C8399F70032C78D /* openapi.yaml in Resources */,
				78E0D0E72C8A33F300EAB919 /* Handjet-Light.ttf in Resources */,
				786902E52C8399F70032C78D /* logo.riv in Resources */,
				782FA7962C83972200402D82 /* Assets.xcassets in Resources */,
				786902E32C8399F70032C78D /* openapi-generator-config.yaml in Resources */,
				784B962A2C8B80D800C9B48D /* quiz-ui.riv in Resources */,
				78D3657F2C8A51BD009CAAD9 /* PressStart2P-Regular.ttf in Resources */,
			);
			runOnlyForDeploymentPostprocessing = 0;
		};
/* End PBXResourcesBuildPhase section */

/* Begin PBXSourcesBuildPhase section */
		782FA78A2C83971B00402D82 /* Sources */ = {
			isa = PBXSourcesBuildPhase;
			buildActionMask = 2147483647;
			files = (
				78D365782C8A49C9009CAAD9 /* MeshGradientView.swift in Sources */,
				786902FF2C839A2D0032C78D /* SplashView.swift in Sources */,
				78A759922C8E1F0D0050FE78 /* AudioManager.swift in Sources */,
				786902E82C8399F70032C78D /* Model.swift in Sources */,
				78D3657C2C8A4F6F009CAAD9 /* PhotosView.swift in Sources */,
				784B96262C8B735B00C9B48D /* QuizDataModel.swift in Sources */,
				786902F62C839A2D0032C78D /* HomeView.swift in Sources */,
				780589FA2C83A19800D2CB81 /* OpenApiTestView.swift in Sources */,
				786902FB2C839A2D0032C78D /* GradientView.swift in Sources */,
				786902FE2C839A2D0032C78D /* StyleModifiers.swift in Sources */,
				786902E72C8399F70032C78D /* Item.swift in Sources */,
				782FA7942C83971B00402D82 /* ContentView.swift in Sources */,
				786903002C839A2D0032C78D /* ProfileView.swift in Sources */,
				786902FD2C839A2D0032C78D /* SettingsView.swift in Sources */,
				786902F92C839A2D0032C78D /* CardView.swift in Sources */,
				786902E62C8399F70032C78D /* Card.swift in Sources */,
				782FA7922C83971B00402D82 /* SwiftUI_DemoApp.swift in Sources */,
				784B96242C8B732600C9B48D /* QuizView.swift in Sources */,
				786902F52C839A2D0032C78D /* MainContentView.swift in Sources */,
			);
			runOnlyForDeploymentPostprocessing = 0;
		};
/* End PBXSourcesBuildPhase section */

/* Begin PBXTargetDependency section */
		780589F52C83A08900D2CB81 /* PBXTargetDependency */ = {
			isa = PBXTargetDependency;
			productRef = 780589F42C83A08900D2CB81 /* OpenAPIGenerator */;
		};
/* End PBXTargetDependency section */

/* Begin XCBuildConfiguration section */
		782FA79A2C83972200402D82 /* Debug */ = {
			isa = XCBuildConfiguration;
			buildSettings = {
				ALWAYS_SEARCH_USER_PATHS = NO;
				ASSETCATALOG_COMPILER_GENERATE_SWIFT_ASSET_SYMBOL_EXTENSIONS = YES;
				CLANG_ANALYZER_NONNULL = YES;
				CLANG_ANALYZER_NUMBER_OBJECT_CONVERSION = YES_AGGRESSIVE;
				CLANG_CXX_LANGUAGE_STANDARD = "gnu++20";
				CLANG_ENABLE_MODULES = YES;
				CLANG_ENABLE_OBJC_ARC = YES;
				CLANG_ENABLE_OBJC_WEAK = YES;
				CLANG_WARN_BLOCK_CAPTURE_AUTORELEASING = YES;
				CLANG_WARN_BOOL_CONVERSION = YES;
				CLANG_WARN_COMMA = YES;
				CLANG_WARN_CONSTANT_CONVERSION = YES;
				CLANG_WARN_DEPRECATED_OBJC_IMPLEMENTATIONS = YES;
				CLANG_WARN_DIRECT_OBJC_ISA_USAGE = YES_ERROR;
				CLANG_WARN_DOCUMENTATION_COMMENTS = YES;
				CLANG_WARN_EMPTY_BODY = YES;
				CLANG_WARN_ENUM_CONVERSION = YES;
				CLANG_WARN_INFINITE_RECURSION = YES;
				CLANG_WARN_INT_CONVERSION = YES;
				CLANG_WARN_NON_LITERAL_NULL_CONVERSION = YES;
				CLANG_WARN_OBJC_IMPLICIT_RETAIN_SELF = YES;
				CLANG_WARN_OBJC_LITERAL_CONVERSION = YES;
				CLANG_WARN_OBJC_ROOT_CLASS = YES_ERROR;
				CLANG_WARN_QUOTED_INCLUDE_IN_FRAMEWORK_HEADER = YES;
				CLANG_WARN_RANGE_LOOP_ANALYSIS = YES;
				CLANG_WARN_STRICT_PROTOTYPES = YES;
				CLANG_WARN_SUSPICIOUS_MOVE = YES;
				CLANG_WARN_UNGUARDED_AVAILABILITY = YES_AGGRESSIVE;
				CLANG_WARN_UNREACHABLE_CODE = YES;
				CLANG_WARN__DUPLICATE_METHOD_MATCH = YES;
				COPY_PHASE_STRIP = NO;
				DEBUG_INFORMATION_FORMAT = dwarf;
				ENABLE_STRICT_OBJC_MSGSEND = YES;
				ENABLE_TESTABILITY = YES;
				ENABLE_USER_SCRIPT_SANDBOXING = YES;
				GCC_C_LANGUAGE_STANDARD = gnu17;
				GCC_DYNAMIC_NO_PIC = NO;
				GCC_NO_COMMON_BLOCKS = YES;
				GCC_OPTIMIZATION_LEVEL = 0;
				GCC_PREPROCESSOR_DEFINITIONS = (
					"DEBUG=1",
					"$(inherited)",
				);
				GCC_WARN_64_TO_32_BIT_CONVERSION = YES;
				GCC_WARN_ABOUT_RETURN_TYPE = YES_ERROR;
				GCC_WARN_UNDECLARED_SELECTOR = YES;
				GCC_WARN_UNINITIALIZED_AUTOS = YES_AGGRESSIVE;
				GCC_WARN_UNUSED_FUNCTION = YES;
				GCC_WARN_UNUSED_VARIABLE = YES;
				IPHONEOS_DEPLOYMENT_TARGET = 17.5;
				LOCALIZATION_PREFERS_STRING_CATALOGS = YES;
				MTL_ENABLE_DEBUG_INFO = INCLUDE_SOURCE;
				MTL_FAST_MATH = YES;
				ONLY_ACTIVE_ARCH = YES;
				SDKROOT = iphoneos;
				SWIFT_ACTIVE_COMPILATION_CONDITIONS = "DEBUG $(inherited)";
				SWIFT_OPTIMIZATION_LEVEL = "-Onone";
			};
			name = Debug;
		};
		782FA79B2C83972200402D82 /* Release */ = {
			isa = XCBuildConfiguration;
			buildSettings = {
				ALWAYS_SEARCH_USER_PATHS = NO;
				ASSETCATALOG_COMPILER_GENERATE_SWIFT_ASSET_SYMBOL_EXTENSIONS = YES;
				CLANG_ANALYZER_NONNULL = YES;
				CLANG_ANALYZER_NUMBER_OBJECT_CONVERSION = YES_AGGRESSIVE;
				CLANG_CXX_LANGUAGE_STANDARD = "gnu++20";
				CLANG_ENABLE_MODULES = YES;
				CLANG_ENABLE_OBJC_ARC = YES;
				CLANG_ENABLE_OBJC_WEAK = YES;
				CLANG_WARN_BLOCK_CAPTURE_AUTORELEASING = YES;
				CLANG_WARN_BOOL_CONVERSION = YES;
				CLANG_WARN_COMMA = YES;
				CLANG_WARN_CONSTANT_CONVERSION = YES;
				CLANG_WARN_DEPRECATED_OBJC_IMPLEMENTATIONS = YES;
				CLANG_WARN_DIRECT_OBJC_ISA_USAGE = YES_ERROR;
				CLANG_WARN_DOCUMENTATION_COMMENTS = YES;
				CLANG_WARN_EMPTY_BODY = YES;
				CLANG_WARN_ENUM_CONVERSION = YES;
				CLANG_WARN_INFINITE_RECURSION = YES;
				CLANG_WARN_INT_CONVERSION = YES;
				CLANG_WARN_NON_LITERAL_NULL_CONVERSION = YES;
				CLANG_WARN_OBJC_IMPLICIT_RETAIN_SELF = YES;
				CLANG_WARN_OBJC_LITERAL_CONVERSION = YES;
				CLANG_WARN_OBJC_ROOT_CLASS = YES_ERROR;
				CLANG_WARN_QUOTED_INCLUDE_IN_FRAMEWORK_HEADER = YES;
				CLANG_WARN_RANGE_LOOP_ANALYSIS = YES;
				CLANG_WARN_STRICT_PROTOTYPES = YES;
				CLANG_WARN_SUSPICIOUS_MOVE = YES;
				CLANG_WARN_UNGUARDED_AVAILABILITY = YES_AGGRESSIVE;
				CLANG_WARN_UNREACHABLE_CODE = YES;
				CLANG_WARN__DUPLICATE_METHOD_MATCH = YES;
				COPY_PHASE_STRIP = NO;
				DEBUG_INFORMATION_FORMAT = "dwarf-with-dsym";
				ENABLE_NS_ASSERTIONS = NO;
				ENABLE_STRICT_OBJC_MSGSEND = YES;
				ENABLE_USER_SCRIPT_SANDBOXING = YES;
				GCC_C_LANGUAGE_STANDARD = gnu17;
				GCC_NO_COMMON_BLOCKS = YES;
				GCC_WARN_64_TO_32_BIT_CONVERSION = YES;
				GCC_WARN_ABOUT_RETURN_TYPE = YES_ERROR;
				GCC_WARN_UNDECLARED_SELECTOR = YES;
				GCC_WARN_UNINITIALIZED_AUTOS = YES_AGGRESSIVE;
				GCC_WARN_UNUSED_FUNCTION = YES;
				GCC_WARN_UNUSED_VARIABLE = YES;
				IPHONEOS_DEPLOYMENT_TARGET = 17.5;
				LOCALIZATION_PREFERS_STRING_CATALOGS = YES;
				MTL_ENABLE_DEBUG_INFO = NO;
				MTL_FAST_MATH = YES;
				SDKROOT = iphoneos;
				SWIFT_COMPILATION_MODE = wholemodule;
				VALIDATE_PRODUCT = YES;
			};
			name = Release;
		};
		782FA79D2C83972200402D82 /* Debug */ = {
			isa = XCBuildConfiguration;
			buildSettings = {
				ASSETCATALOG_COMPILER_APPICON_NAME = AppIcon;
				ASSETCATALOG_COMPILER_GLOBAL_ACCENT_COLOR_NAME = AccentColor;
				CODE_SIGN_ENTITLEMENTS = "SwiftUI-Demo/SwiftUI-Demo.entitlements";
				CODE_SIGN_STYLE = Automatic;
				CURRENT_PROJECT_VERSION = 65;
				DEVELOPMENT_ASSET_PATHS = "\"SwiftUI-Demo/Preview Content\"";
				DEVELOPMENT_TEAM = FPL5896D45;
				ENABLE_PREVIEWS = YES;
				GENERATE_INFOPLIST_FILE = YES;
				INFOPLIST_FILE = "SwiftUI-Demo/Info.plist";
				INFOPLIST_KEY_LSApplicationCategoryType = NSAllowsArbitraryLoads;
				INFOPLIST_KEY_UIApplicationSceneManifest_Generation = YES;
				INFOPLIST_KEY_UIApplicationSupportsIndirectInputEvents = YES;
				INFOPLIST_KEY_UILaunchScreen_Generation = YES;
				INFOPLIST_KEY_UISupportedInterfaceOrientations_iPad = "UIInterfaceOrientationPortrait UIInterfaceOrientationPortraitUpsideDown UIInterfaceOrientationLandscapeLeft UIInterfaceOrientationLandscapeRight";
				INFOPLIST_KEY_UISupportedInterfaceOrientations_iPhone = "UIInterfaceOrientationPortrait UIInterfaceOrientationLandscapeLeft UIInterfaceOrientationLandscapeRight";
				LD_RUNPATH_SEARCH_PATHS = (
					"$(inherited)",
					"@executable_path/Frameworks",
				);
				MARKETING_VERSION = 1.0.9;
				PRODUCT_BUNDLE_IDENTIFIER = "com.noorg.SwiftUI-Demo";
				PRODUCT_NAME = "$(TARGET_NAME)";
				SWIFT_EMIT_LOC_STRINGS = YES;
				SWIFT_VERSION = 5.0;
				TARGETED_DEVICE_FAMILY = "1,2";
			};
			name = Debug;
		};
		782FA79E2C83972200402D82 /* Release */ = {
			isa = XCBuildConfiguration;
			buildSettings = {
				ASSETCATALOG_COMPILER_APPICON_NAME = AppIcon;
				ASSETCATALOG_COMPILER_GLOBAL_ACCENT_COLOR_NAME = AccentColor;
				CODE_SIGN_ENTITLEMENTS = "SwiftUI-Demo/SwiftUI-Demo.entitlements";
				CODE_SIGN_STYLE = Automatic;
				CURRENT_PROJECT_VERSION = 65;
				DEVELOPMENT_ASSET_PATHS = "\"SwiftUI-Demo/Preview Content\"";
				DEVELOPMENT_TEAM = FPL5896D45;
				ENABLE_PREVIEWS = YES;
				GENERATE_INFOPLIST_FILE = YES;
				INFOPLIST_FILE = "SwiftUI-Demo/Info.plist";
				INFOPLIST_KEY_LSApplicationCategoryType = NSAllowsArbitraryLoads;
				INFOPLIST_KEY_UIApplicationSceneManifest_Generation = YES;
				INFOPLIST_KEY_UIApplicationSupportsIndirectInputEvents = YES;
				INFOPLIST_KEY_UILaunchScreen_Generation = YES;
				INFOPLIST_KEY_UISupportedInterfaceOrientations_iPad = "UIInterfaceOrientationPortrait UIInterfaceOrientationPortraitUpsideDown UIInterfaceOrientationLandscapeLeft UIInterfaceOrientationLandscapeRight";
				INFOPLIST_KEY_UISupportedInterfaceOrientations_iPhone = "UIInterfaceOrientationPortrait UIInterfaceOrientationLandscapeLeft UIInterfaceOrientationLandscapeRight";
				LD_RUNPATH_SEARCH_PATHS = (
					"$(inherited)",
					"@executable_path/Frameworks",
				);
				MARKETING_VERSION = 1.0.9;
				PRODUCT_BUNDLE_IDENTIFIER = "com.noorg.SwiftUI-Demo";
				PRODUCT_NAME = "$(TARGET_NAME)";
				SWIFT_EMIT_LOC_STRINGS = YES;
				SWIFT_VERSION = 5.0;
				TARGETED_DEVICE_FAMILY = "1,2";
			};
			name = Release;
		};
/* End XCBuildConfiguration section */

/* Begin XCConfigurationList section */
		782FA7892C83971B00402D82 /* Build configuration list for PBXProject "SwiftUI-Demo" */ = {
			isa = XCConfigurationList;
			buildConfigurations = (
				782FA79A2C83972200402D82 /* Debug */,
				782FA79B2C83972200402D82 /* Release */,
			);
			defaultConfigurationIsVisible = 0;
			defaultConfigurationName = Release;
		};
		782FA79C2C83972200402D82 /* Build configuration list for PBXNativeTarget "SwiftUI-Demo" */ = {
			isa = XCConfigurationList;
			buildConfigurations = (
				782FA79D2C83972200402D82 /* Debug */,
				782FA79E2C83972200402D82 /* Release */,
			);
			defaultConfigurationIsVisible = 0;
			defaultConfigurationName = Release;
		};
/* End XCConfigurationList section */

/* Begin XCRemoteSwiftPackageReference section */
		786903012C839A3B0032C78D /* XCRemoteSwiftPackageReference "rive-ios" */ = {
			isa = XCRemoteSwiftPackageReference;
			repositoryURL = "https://github.com/rive-app/rive-ios";
			requirement = {
				kind = upToNextMajorVersion;
				minimumVersion = 6.0.7;
			};
		};
		786903042C839A500032C78D /* XCRemoteSwiftPackageReference "swift-openapi-generator" */ = {
			isa = XCRemoteSwiftPackageReference;
			repositoryURL = "https://github.com/apple/swift-openapi-generator";
			requirement = {
				kind = upToNextMajorVersion;
				minimumVersion = 1.3.0;
			};
		};
		786903072C839A570032C78D /* XCRemoteSwiftPackageReference "swift-http-types" */ = {
			isa = XCRemoteSwiftPackageReference;
			repositoryURL = "https://github.com/apple/swift-http-types";
			requirement = {
				kind = upToNextMajorVersion;
				minimumVersion = 1.3.0;
			};
		};
		7869030C2C839BCD0032C78D /* XCRemoteSwiftPackageReference "swift-openapi-urlsession" */ = {
			isa = XCRemoteSwiftPackageReference;
			repositoryURL = "https://github.com/apple/swift-openapi-urlsession";
			requirement = {
				kind = upToNextMajorVersion;
				minimumVersion = 1.0.2;
			};
		};
		78A7598D2C8E1A6A0050FE78 /* XCRemoteSwiftPackageReference "ConfettiSwiftUI" */ = {
			isa = XCRemoteSwiftPackageReference;
			repositoryURL = "https://github.com/simibac/ConfettiSwiftUI.git";
			requirement = {
				kind = upToNextMajorVersion;
				minimumVersion = 1.1.0;
			};
		};
/* End XCRemoteSwiftPackageReference section */

/* Begin XCSwiftPackageProductDependency section */
		780589F42C83A08900D2CB81 /* OpenAPIGenerator */ = {
			isa = XCSwiftPackageProductDependency;
			package = 786903042C839A500032C78D /* XCRemoteSwiftPackageReference "swift-openapi-generator" */;
			productName = "plugin:OpenAPIGenerator";
		};
		786903022C839A3B0032C78D /* RiveRuntime */ = {
			isa = XCSwiftPackageProductDependency;
			package = 786903012C839A3B0032C78D /* XCRemoteSwiftPackageReference "rive-ios" */;
			productName = RiveRuntime;
		};
		786903082C839A570032C78D /* HTTPTypes */ = {
			isa = XCSwiftPackageProductDependency;
			package = 786903072C839A570032C78D /* XCRemoteSwiftPackageReference "swift-http-types" */;
			productName = HTTPTypes;
		};
		7869030A2C839A570032C78D /* HTTPTypesFoundation */ = {
			isa = XCSwiftPackageProductDependency;
			package = 786903072C839A570032C78D /* XCRemoteSwiftPackageReference "swift-http-types" */;
			productName = HTTPTypesFoundation;
		};
		7869030D2C839BCD0032C78D /* OpenAPIURLSession */ = {
			isa = XCSwiftPackageProductDependency;
			package = 7869030C2C839BCD0032C78D /* XCRemoteSwiftPackageReference "swift-openapi-urlsession" */;
			productName = OpenAPIURLSession;
		};
		78A7598E2C8E1A6A0050FE78 /* ConfettiSwiftUI */ = {
			isa = XCSwiftPackageProductDependency;
			package = 78A7598D2C8E1A6A0050FE78 /* XCRemoteSwiftPackageReference "ConfettiSwiftUI" */;
			productName = ConfettiSwiftUI;
		};
/* End XCSwiftPackageProductDependency section */
	};
	rootObject = 782FA7862C83971B00402D82 /* Project object */;
}
